
Microsoft Visual Studio Solution File, Format Version 12.00
Project("{FAE04EC0-301F-11D3-BF4B-00C04F79EFBC}") = "PB.GUI", "PB.GUI\PB.GUI.csproj", "{80CD670C-5EE4-4B76-9627-E6E12AA2B8C8}"
EndProject
Project("{FAE04EC0-301F-11D3-BF4B-00C04F79EFBC}") = "PB.Client.DAL", "PB.Client.DAL\PB.Client.DAL.csproj", "{98D5583C-4865-46AF-BB51-0ECDEE69D7C4}"
EndProject
Project("{FAE04EC0-301F-11D3-BF4B-00C04F79EFBC}") = "PB.Server.DAL", "PB.Server.DAL\PB.Server.DAL.csproj", "{B7A46DCF-A728-45AD-A264-B080B115E6B7}"
EndProject
Project("{FAE04EC0-301F-11D3-BF4B-00C04F79EFBC}") = "PB.Client.BL", "PB.Client.BL\PB.Client.BL.csproj", "{BA8A136F-7E45-46D4-A582-64E5E73E8672}"
EndProject
Project("{FAE04EC0-301F-11D3-BF4B-00C04F79EFBC}") = "PB.Server.BL", "PB.Server.BL\PB.Server.BL.csproj", "{DFA0ACA6-E606-414D-80C4-C1DF6F4C274B}"
EndProject
Project("{FAE04EC0-301F-11D3-BF4B-00C04F79EFBC}") = "PB.Models", "PB.Models\PB.Models.csproj", "{686BF901-2E9F-41AD-ACAD-E3941775AF52}"
EndProject
Project("{2150E333-8FDC-42A3-9474-1A3956D46DE8}") = "Server", "Server", "{CFF13273-5A5A-47AD-8E87-C8376848F0DE}"
EndProject
Project("{FAE04EC0-301F-11D3-BF4B-00C04F79EFBC}") = "PB.Server.API", "PB.Server.API\PB.Server.API.csproj", "{61E2FDA2-9994-4A58-B76C-B8F122948553}"
EndProject
Project("{2150E333-8FDC-42A3-9474-1A3956D46DE8}") = "Client", "Client", "{34297C67-F27E-4512-81D2-EE37FB02338A}"
EndProject
Global
	GlobalSection(SolutionConfigurationPlatforms) = preSolution
		Debug|Any CPU = Debug|Any CPU
		Release|Any CPU = Release|Any CPU
	EndGlobalSection
	GlobalSection(ProjectConfigurationPlatforms) = postSolution
		{80CD670C-5EE4-4B76-9627-E6E12AA2B8C8}.Debug|Any CPU.ActiveCfg = Debug|Any CPU
		{80CD670C-5EE4-4B76-9627-E6E12AA2B8C8}.Debug|Any CPU.Build.0 = Debug|Any CPU
		{80CD670C-5EE4-4B76-9627-E6E12AA2B8C8}.Release|Any CPU.ActiveCfg = Release|Any CPU
		{80CD670C-5EE4-4B76-9627-E6E12AA2B8C8}.Release|Any CPU.Build.0 = Release|Any CPU
		{98D5583C-4865-46AF-BB51-0ECDEE69D7C4}.Debug|Any CPU.ActiveCfg = Debug|Any CPU
		{98D5583C-4865-46AF-BB51-0ECDEE69D7C4}.Debug|Any CPU.Build.0 = Debug|Any CPU
		{98D5583C-4865-46AF-BB51-0ECDEE69D7C4}.Release|Any CPU.ActiveCfg = Release|Any CPU
		{98D5583C-4865-46AF-BB51-0ECDEE69D7C4}.Release|Any CPU.Build.0 = Release|Any CPU
		{B7A46DCF-A728-45AD-A264-B080B115E6B7}.Debug|Any CPU.ActiveCfg = Debug|Any CPU
		{B7A46DCF-A728-45AD-A264-B080B115E6B7}.Debug|Any CPU.Build.0 = Debug|Any CPU
		{B7A46DCF-A728-45AD-A264-B080B115E6B7}.Release|Any CPU.ActiveCfg = Release|Any CPU
		{B7A46DCF-A728-45AD-A264-B080B115E6B7}.Release|Any CPU.Build.0 = Release|Any CPU
		{BA8A136F-7E45-46D4-A582-64E5E73E8672}.Debug|Any CPU.ActiveCfg = Debug|Any CPU
		{BA8A136F-7E45-46D4-A582-64E5E73E8672}.Debug|Any CPU.Build.0 = Debug|Any CPU
		{BA8A136F-7E45-46D4-A582-64E5E73E8672}.Release|Any CPU.ActiveCfg = Release|Any CPU
		{BA8A136F-7E45-46D4-A582-64E5E73E8672}.Release|Any CPU.Build.0 = Release|Any CPU
		{DFA0ACA6-E606-414D-80C4-C1DF6F4C274B}.Debug|Any CPU.ActiveCfg = Debug|Any CPU
		{DFA0ACA6-E606-414D-80C4-C1DF6F4C274B}.Debug|Any CPU.Build.0 = Debug|Any CPU
		{DFA0ACA6-E606-414D-80C4-C1DF6F4C274B}.Release|Any CPU.ActiveCfg = Release|Any CPU
		{DFA0ACA6-E606-414D-80C4-C1DF6F4C274B}.Release|Any CPU.Build.0 = Release|Any CPU
		{686BF901-2E9F-41AD-ACAD-E3941775AF52}.Debug|Any CPU.ActiveCfg = Debug|Any CPU
		{686BF901-2E9F-41AD-ACAD-E3941775AF52}.Debug|Any CPU.Build.0 = Debug|Any CPU
		{686BF901-2E9F-41AD-ACAD-E3941775AF52}.Release|Any CPU.ActiveCfg = Release|Any CPU
		{686BF901-2E9F-41AD-ACAD-E3941775AF52}.Release|Any CPU.Build.0 = Release|Any CPU
		{61E2FDA2-9994-4A58-B76C-B8F122948553}.Debug|Any CPU.ActiveCfg = Debug|Any CPU
		{61E2FDA2-9994-4A58-B76C-B8F122948553}.Debug|Any CPU.Build.0 = Debug|Any CPU
		{61E2FDA2-9994-4A58-B76C-B8F122948553}.Release|Any CPU.ActiveCfg = Release|Any CPU
		{61E2FDA2-9994-4A58-B76C-B8F122948553}.Release|Any CPU.Build.0 = Release|Any CPU
	EndGlobalSection
	GlobalSection(NestedProjects) = preSolution
		{61E2FDA2-9994-4A58-B76C-B8F122948553} = {CFF13273-5A5A-47AD-8E87-C8376848F0DE}
		{DFA0ACA6-E606-414D-80C4-C1DF6F4C274B} = {CFF13273-5A5A-47AD-8E87-C8376848F0DE}
		{B7A46DCF-A728-45AD-A264-B080B115E6B7} = {CFF13273-5A5A-47AD-8E87-C8376848F0DE}
		{BA8A136F-7E45-46D4-A582-64E5E73E8672} = {34297C67-F27E-4512-81D2-EE37FB02338A}
		{98D5583C-4865-46AF-BB51-0ECDEE69D7C4} = {34297C67-F27E-4512-81D2-EE37FB02338A}
		{80CD670C-5EE4-4B76-9627-E6E12AA2B8C8} = {34297C67-F27E-4512-81D2-EE37FB02338A}
	EndGlobalSection
EndGlobal
